
Microsoft Visual Studio Solution File, Format Version 12.00
# Visual Studio 15
VisualStudioVersion = 15.0.26730.12
MinimumVisualStudioVersion = 10.0.40219.1
Project("{FAE04EC0-301F-11D3-BF4B-00C04F79EFBC}") = "web", "web\web.csproj", "{49BCFEA0-8BE8-4670-9504-FE4045AAAA52}"
EndProject
Project("{E53339B2-1760-4266-BCC7-CA923CBCF16C}") = "docker-compose", "docker-compose.dcproj", "{4E80BF36-4684-4436-A248-42BB7DDF9851}"
EndProject
Global
	GlobalSection(SolutionConfigurationPlatforms) = preSolution
		Debug|Any CPU = Debug|Any CPU
		Release|Any CPU = Release|Any CPU
	EndGlobalSection
	GlobalSection(ProjectConfigurationPlatforms) = postSolution
		{49BCFEA0-8BE8-4670-9504-FE4045AAAA52}.Debug|Any CPU.ActiveCfg = Debug|Any CPU
		{49BCFEA0-8BE8-4670-9504-FE4045AAAA52}.Debug|Any CPU.Build.0 = Debug|Any CPU
		{49BCFEA0-8BE8-4670-9504-FE4045AAAA52}.Release|Any CPU.ActiveCfg = Release|Any CPU
		{49BCFEA0-8BE8-4670-9504-FE4045AAAA52}.Release|Any CPU.Build.0 = Release|Any CPU
		{4E80BF36-4684-4436-A248-42BB7DDF9851}.Debug|Any CPU.ActiveCfg = Debug|Any CPU
		{4E80BF36-4684-4436-A248-42BB7DDF9851}.Debug|Any CPU.Build.0 = Debug|Any CPU
		{4E80BF36-4684-4436-A248-42BB7DDF9851}.Release|Any CPU.ActiveCfg = Release|Any CPU
		{4E80BF36-4684-4436-A248-42BB7DDF9851}.Release|Any CPU.Build.0 = Release|Any CPU
	EndGlobalSection
	GlobalSection(SolutionProperties) = preSolution
		HideSolutionNode = FALSE
	EndGlobalSection
	GlobalSection(ExtensibilityGlobals) = postSolution
		SolutionGuid = {DFFCA6A7-D6E6-4D7B-877C-0F05EA2E9EC1}
	EndGlobalSection
EndGlobal
